
Microsoft Visual Studio Solution File, Format Version 12.00
# Visual Studio Version 17
VisualStudioVersion = 17.5.001.0
MinimumVisualStudioVersion = 10.0.40219.1
Project("{9A19103F-16F7-4668-BE54-9A1E7A4F7556}") = "ptmlql200", "ptmlql200.csproj", "{66EED448-1BFA-4C55-A83D-917474F569AD}"
EndProject
Global
	GlobalSection(SolutionConfigurationPlatforms) = preSolution
		Debug|Any CPU = Debug|Any CPU
		Release|Any CPU = Release|Any CPU
	EndGlobalSection
	GlobalSection(ProjectConfigurationPlatforms) = postSolution
		{66EED448-1BFA-4C55-A83D-917474F569AD}.Debug|Any CPU.ActiveCfg = Debug|Any CPU
		{66EED448-1BFA-4C55-A83D-917474F569AD}.Debug|Any CPU.Build.0 = Debug|Any CPU
		{66EED448-1BFA-4C55-A83D-917474F569AD}.Release|Any CPU.ActiveCfg = Release|Any CPU
		{66EED448-1BFA-4C55-A83D-917474F569AD}.Release|Any CPU.Build.0 = Release|Any CPU
	EndGlobalSection
	GlobalSection(SolutionProperties) = preSolution
		HideSolutionNode = FALSE
	EndGlobalSection
	GlobalSection(ExtensibilityGlobals) = postSolution
		SolutionGuid = {899F71E8-DBB4-4B2D-AC17-5C8A73467E5C}
	EndGlobalSection
EndGlobal
